
Microsoft Visual Studio Solution File, Format Version 12.00
# Visual Studio Version 16
VisualStudioVersion = 16.0.29519.181
MinimumVisualStudioVersion = 10.0.40219.1
Project("{FAE04EC0-301F-11D3-BF4B-00C04F79EFBC}") = "BookShelf", "BookShelf\BookShelf.csproj", "{6BF5DB91-B087-4471-91DC-47FF78EFBCAE}"
EndProject
Global
	GlobalSection(SolutionConfigurationPlatforms) = preSolution
		Debug|Any CPU = Debug|Any CPU
		Release|Any CPU = Release|Any CPU
	EndGlobalSection
	GlobalSection(ProjectConfigurationPlatforms) = postSolution
		{6BF5DB91-B087-4471-91DC-47FF78EFBCAE}.Debug|Any CPU.ActiveCfg = Debug|Any CPU
		{6BF5DB91-B087-4471-91DC-47FF78EFBCAE}.Debug|Any CPU.Build.0 = Debug|Any CPU
		{6BF5DB91-B087-4471-91DC-47FF78EFBCAE}.Release|Any CPU.ActiveCfg = Release|Any CPU
		{6BF5DB91-B087-4471-91DC-47FF78EFBCAE}.Release|Any CPU.Build.0 = Release|Any CPU
	EndGlobalSection
	GlobalSection(SolutionProperties) = preSolution
		HideSolutionNode = FALSE
	EndGlobalSection
	GlobalSection(ExtensibilityGlobals) = postSolution
		SolutionGuid = {EEEE0A50-AEF1-4A1C-9218-744887B8626D}
	EndGlobalSection
EndGlobal
